{
  "name": "nengi-deno-instance-adapter",
  "version": "2.0.0-rc.128",
  "lockfileVersion": 3,
  "requires": true,
  "packages": {
    "": {
      "name": "nengi-deno-instance-adapter",
      "version": "2.0.0-rc.128",
      "license": "Apache-2.0",
      "dependencies": {
        "nengi-dataviews": ">=2.0.0-rc.128 <2.0.0"
      },
      "devDependencies": {
        "nengi": "2.0.0-rc.128",
        "nengi-websocket-client-adapter": "2.0.0-rc.128",
        "typescript": "^5.9.3"
      },
      "engines": {
        "deno": ">=2.0.0"
      },
      "peerDependencies": {
        "nengi": ">=2.0.0-rc.128 <2.0.0"
      }
    },
    "node_modules/nengi": {
      "version": "2.0.0-rc.128",
      "resolved": "https://registry.npmjs.org/nengi/-/nengi-2.0.0-rc.128.tgz",
      "integrity": "sha512-f4o81iZucS9CKSoAvJAgva2dvXCxH+9xyNbU8sN+fRqkzMLbsZbrmW9mFwjyMZTZ94yljfpWtx8P+C/VIBJD1Q==",
      "license": "Apache-2.0"
    },
    "node_modules/nengi-dataviews": {
      "version": "2.0.0-rc.128",
      "resolved": "https://registry.npmjs.org/nengi-dataviews/-/nengi-dataviews-2.0.0-rc.128.tgz",
      "integrity": "sha512-anfGK3bCT3IwXOFdXH8ciuaF4w9XMKPU4p3fIDQwt74u06cj1Ztnxf3evZkiJzl/4A7zwae05E2n6O8daE59ZQ==",
      "license": "Apache-2.0",
      "peerDependencies": {
        "nengi": ">=2.0.0-rc.128 <2.0.0"
      }
    },
    "node_modules/nengi-websocket-client-adapter": {
      "version": "2.0.0-rc.128",
      "resolved": "https://registry.npmjs.org/nengi-websocket-client-adapter/-/nengi-websocket-client-adapter-2.0.0-rc.128.tgz",
      "integrity": "sha512-cMOXuenHOCY5IC7/90zRaNahgd619TWqRjyJdd9Kc6lgz74KAGVzO31AOrgUUG5awg6gFmJ1/PlrQAGzR3fv7g==",
      "dev": true,
      "license": "Apache-2.0",
      "dependencies": {
        "nengi-dataviews": ">=2.0.0-rc.128 <2.0.0"
      },
      "peerDependencies": {
        "nengi": ">=2.0.0-rc.128 <2.0.0"
      }
    },
    "node_modules/typescript": {
      "version": "5.9.3",
      "resolved": "https://registry.npmjs.org/typescript/-/typescript-5.9.3.tgz",
      "integrity": "sha512-jl1vZzPDinLr9eUt3J/t7V6FgNEw9QjvBPdysz9KfQDD41fQrC2Y4vKQdiaUpFT4bXlb1RHhLpp8wtm6M5TgSw==",
      "dev": true,
      "license": "Apache-2.0",
      "bin": {
        "tsc": "bin/tsc",
        "tsserver": "bin/tsserver"
      },
      "engines": {
        "node": ">=14.17"
      }
    }
  }
}
