{
  "name": "nengi-deno-instance-adapter",
  "version": "2.0.0-rc.127",
  "lockfileVersion": 3,
  "requires": true,
  "packages": {
    "": {
      "name": "nengi-deno-instance-adapter",
      "version": "2.0.0-rc.127",
      "license": "Apache-2.0",
      "dependencies": {
        "nengi-dataviews": "2.0.0-rc.127"
      },
      "devDependencies": {
        "nengi": "2.0.0-rc.127",
        "nengi-websocket-client-adapter": "2.0.0-rc.127",
        "typescript": "^5.9.3"
      },
      "engines": {
        "deno": ">=2.0.0"
      },
      "peerDependencies": {
        "nengi": "2.0.0-rc.127"
      }
    },
    "node_modules/nengi": {
      "version": "2.0.0-rc.127",
      "resolved": "https://registry.npmjs.org/nengi/-/nengi-2.0.0-rc.127.tgz",
      "integrity": "sha512-aoHu+DJ0PGjBftL92tDav0N8tOUkzoPlB6Z5eOTr2vNKV+1/jOD2eMtXoFG2zEh8YtygoiBfpR6ZhPTXblLW/g==",
      "license": "Apache-2.0"
    },
    "node_modules/nengi-dataviews": {
      "version": "2.0.0-rc.127",
      "resolved": "https://registry.npmjs.org/nengi-dataviews/-/nengi-dataviews-2.0.0-rc.127.tgz",
      "integrity": "sha512-cVr4D78X6WTGhDGT1hdYPUAwB7AnSQEDrtbxtsMJIqjI1bZBSX7YAqr5Q6S2vQZq1cu3nSU/SVYuEhQNkGzOxA==",
      "license": "Apache-2.0",
      "peerDependencies": {
        "nengi": "2.0.0-rc.127"
      }
    },
    "node_modules/nengi-websocket-client-adapter": {
      "version": "2.0.0-rc.127",
      "resolved": "https://registry.npmjs.org/nengi-websocket-client-adapter/-/nengi-websocket-client-adapter-2.0.0-rc.127.tgz",
      "integrity": "sha512-Rw3lJTonwahGvAf35WnuhUCvrbYhWveA8D4fPxVb7y1Y+2Lpz8kfR2i8+GmGXyFO/E0k6+3wChlhsn0iZbcmoA==",
      "dev": true,
      "license": "Apache-2.0",
      "dependencies": {
        "nengi-dataviews": "2.0.0-rc.127"
      },
      "peerDependencies": {
        "nengi": "2.0.0-rc.127"
      }
    },
    "node_modules/typescript": {
      "version": "5.9.3",
      "resolved": "https://registry.npmjs.org/typescript/-/typescript-5.9.3.tgz",
      "integrity": "sha512-jl1vZzPDinLr9eUt3J/t7V6FgNEw9QjvBPdysz9KfQDD41fQrC2Y4vKQdiaUpFT4bXlb1RHhLpp8wtm6M5TgSw==",
      "dev": true,
      "license": "Apache-2.0",
      "bin": {
        "tsc": "bin/tsc",
        "tsserver": "bin/tsserver"
      },
      "engines": {
        "node": ">=14.17"
      }
    }
  }
}
